// !$*UTF8*$!
{
	archiveVersion = 1;
	classes = {
	};
	objectVersion = 50;
	objects = {

/* Begin PBXBuildFile section */
		2079518923D49EC2008CEA10 /* AppDelegate.swift in Sources */ = {isa = PBXBuildFile; fileRef = 2079518823D49EC2008CEA10 /* AppDelegate.swift */; };
		2079518B23D49EC2008CEA10 /* SceneDelegate.swift in Sources */ = {isa = PBXBuildFile; fileRef = 2079518A23D49EC2008CEA10 /* SceneDelegate.swift */; };
		2079518D23D49EC2008CEA10 /* ViewController.swift in Sources */ = {isa = PBXBuildFile; fileRef = 2079518C23D49EC2008CEA10 /* ViewController.swift */; };
		2079519023D49EC2008CEA10 /* Main.storyboard in Resources */ = {isa = PBXBuildFile; fileRef = 2079518E23D49EC2008CEA10 /* Main.storyboard */; };
		2079519223D49EC5008CEA10 /* Assets.xcassets in Resources */ = {isa = PBXBuildFile; fileRef = 2079519123D49EC5008CEA10 /* Assets.xcassets */; };
		2079519523D49EC5008CEA10 /* LaunchScreen.storyboard in Resources */ = {isa = PBXBuildFile; fileRef = 2079519323D49EC5008CEA10 /* LaunchScreen.storyboard */; };
/* End PBXBuildFile section */

/* Begin PBXFileReference section */
		2079518523D49EC2008CEA10 /* pikachu 2.app */ = {isa = PBXFileReference; explicitFileType = wrapper.application; includeInIndex = 0; path = "pikachu 2.app"; sourceTree = BUILT_PRODUCTS_DIR; };
		2079518823D49EC2008CEA10 /* AppDelegate.swift */ = {isa = PBXFileReference; lastKnownFileType = sourcecode.swift; path = AppDelegate.swift; sourceTree = "<group>"; };
		2079518A23D49EC2008CEA10 /* SceneDelegate.swift */ = {isa = PBXFileReference; lastKnownFileType = sourcecode.swift; path = SceneDelegate.swift; sourceTree = "<group>"; };
		2079518C23D49EC2008CEA10 /* ViewController.swift */ = {isa = PBXFileReference; lastKnownFileType = sourcecode.swift; path = ViewController.swift; sourceTree = "<group>"; };
		2079518F23D49EC2008CEA10 /* Base */ = {isa = PBXFileReference; lastKnownFileType = file.storyboard; name = Base; path = Base.lproj/Main.storyboard; sourceTree = "<group>"; };
		2079519123D49EC5008CEA10 /* Assets.xcassets */ = {isa = PBXFileReference; lastKnownFileType = folder.assetcatalog; path = Assets.xcassets; sourceTree = "<group>"; };
		2079519423D49EC5008CEA10 /* Base */ = {isa = PBXFileReference; lastKnownFileType = file.storyboard; name = Base; path = Base.lproj/LaunchScreen.storyboard; sourceTree = "<group>"; };
		2079519623D49EC5008CEA10 /* Info.plist */ = {isa = PBXFileReference; lastKnownFileType = text.plist.xml; path = Info.plist; sourceTree = "<group>"; };
/* End PBXFileReference section */

/* Begin PBXFrameworksBuildPhase section */
		2079518223D49EC2008CEA10 /* Frameworks */ = {
			isa = PBXFrameworksBuildPhase;
			buildActionMask = 2147483647;
			files = (
			);
			runOnlyForDeploymentPostprocessing = 0;
		};
/* End PBXFrameworksBuildPhase section */

/* Begin PBXGroup section */
		2079517C23D49EC2008CEA10 = {
			isa = PBXGroup;
			children = (
				2079518723D49EC2008CEA10 /* pikachu 2 */,
				2079518623D49EC2008CEA10 /* Products */,
			);
			sourceTree = "<group>";
		};
		2079518623D49EC2008CEA10 /* Products */ = {
			isa = PBXGroup;
			children = (
				2079518523D49EC2008CEA10 /* pikachu 2.app */,
			);
			name = Products;
			sourceTree = "<group>";
		};
		2079518723D49EC2008CEA10 /* pikachu 2 */ = {
			isa = PBXGroup;
			children = (
				2079518823D49EC2008CEA10 /* AppDelegate.swift */,
				2079518A23D49EC2008CEA10 /* SceneDelegate.swift */,
				2079518C23D49EC2008CEA10 /* ViewController.swift */,
				2079518E23D49EC2008CEA10 /* Main.storyboard */,
				2079519123D49EC5008CEA10 /* Assets.xcassets */,
				2079519323D49EC5008CEA10 /* LaunchScreen.storyboard */,
				2079519623D49EC5008CEA10 /* Info.plist */,
			);
			path = "pikachu 2";
			sourceTree = "<group>";
		};
/* End PBXGroup section */

/* Begin PBXNativeTarget section */
		2079518423D49EC2008CEA10 /* pikachu 2 */ = {
			isa = PBXNativeTarget;
			buildConfigurationList = 2079519923D49EC5008CEA10 /* Build configuration list for PBXNativeTarget "pikachu 2" */;
			buildPhases = (
				2079518123D49EC2008CEA10 /* Sources */,
				2079518223D49EC2008CEA10 /* Frameworks */,
				2079518323D49EC2008CEA10 /* Resources */,
			);
			buildRules = (
			);
			dependencies = (
			);
			name = "pikachu 2";
			productName = "pikachu 2";
			productReference = 2079518523D49EC2008CEA10 /* pikachu 2.app */;
			productType = "com.apple.product-type.application";
		};
/* End PBXNativeTarget section */

/* Begin PBXProject section */
		2079517D23D49EC2008CEA10 /* Project object */ = {
			isa = PBXProject;
			attributes = {
				LastSwiftUpdateCheck = 1120;
				LastUpgradeCheck = 1120;
				ORGANIZATIONNAME = "Himanshu Joshi";
				TargetAttributes = {
					2079518423D49EC2008CEA10 = {
						CreatedOnToolsVersion = 11.2;
					};
				};
			};
			buildConfigurationList = 2079518023D49EC2008CEA10 /* Build configuration list for PBXProject "pikachu 2" */;
			compatibilityVersion = "Xcode 9.3";
			developmentRegion = en;
			hasScannedForEncodings = 0;
			knownRegions = (
				en,
				Base,
			);
			mainGroup = 2079517C23D49EC2008CEA10;
			productRefGroup = 2079518623D49EC2008CEA10 /* Products */;
			projectDirPath = "";
			projectRoot = "";
			targets = (
				2079518423D49EC2008CEA10 /* pikachu 2 */,
			);
		};
/* End PBXProject section */

/* Begin PBXResourcesBuildPhase section */
		2079518323D49EC2008CEA10 /* Resources */ = {
			isa = PBXResourcesBuildPhase;
			buildActionMask = 2147483647;
			files = (
				2079519523D49EC5008CEA10 /* LaunchScreen.storyboard in Resources */,
				2079519223D49EC5008CEA10 /* Assets.xcassets in Resources */,
				2079519023D49EC2008CEA10 /* Main.storyboard in Resources */,
			);
			runOnlyForDeploymentPostprocessing = 0;
		};
/* End PBXResourcesBuildPhase section */

/* Begin PBXSourcesBuildPhase section */
		2079518123D49EC2008CEA10 /* Sources */ = {
			isa = PBXSourcesBuildPhase;
			buildActionMask = 2147483647;
			files = (
				2079518D23D49EC2008CEA10 /* ViewController.swift in Sources */,
				2079518923D49EC2008CEA10 /* AppDelegate.swift in Sources */,
				2079518B23D49EC2008CEA10 /* SceneDelegate.swift in Sources */,
			);
			runOnlyForDeploymentPostprocessing = 0;
		};
/* End PBXSourcesBuildPhase section */

/* Begin PBXVariantGroup section */
		2079518E23D49EC2008CEA10 /* Main.storyboard */ = {
			isa = PBXVariantGroup;
			children = (
				2079518F23D49EC2008CEA10 /* Base */,
			);
			name = Main.storyboard;
			sourceTree = "<group>";
		};
		2079519323D49EC5008CEA10 /* LaunchScreen.storyboard */ = {
			isa = PBXVariantGroup;
			children = (
				2079519423D49EC5008CEA10 /* Base */,
			);
			name = LaunchScreen.storyboard;
			sourceTree = "<group>";
		};
/* End PBXVariantGroup section */

/* Begin XCBuildConfiguration section */
		2079519723D49EC5008CEA10 /* Debug */ = {
			isa = XCBuildConfiguration;
			buildSettings = {
				ALWAYS_SEARCH_USER_PATHS = NO;
				CLANG_ANALYZER_NONNULL = YES;
				CLANG_ANALYZER_NUMBER_OBJECT_CONVERSION = YES_AGGRESSIVE;
				CLANG_CXX_LANGUAGE_STANDARD = "gnu++14";
				CLANG_CXX_LIBRARY = "libc++";
				CLANG_ENABLE_MODULES = YES;
				CLANG_ENABLE_OBJC_ARC = YES;
				CLANG_ENABLE_OBJC_WEAK = YES;
				CLANG_WARN_BLOCK_CAPTURE_AUTORELEASING = YES;
				CLANG_WARN_BOOL_CONVERSION = YES;
				CLANG_WARN_COMMA = YES;
				CLANG_WARN_CONSTANT_CONVERSION = YES;
				CLANG_WARN_DEPRECATED_OBJC_IMPLEMENTATIONS = YES;
				CLANG_WARN_DIRECT_OBJC_ISA_USAGE = YES_ERROR;
				CLANG_WARN_DOCUMENTATION_COMMENTS = YES;
				CLANG_WARN_EMPTY_BODY = YES;
				CLANG_WARN_ENUM_CONVERSION = YES;
				CLANG_WARN_INFINITE_RECURSION = YES;
				CLANG_WARN_INT_CONVERSION = YES;
				CLANG_WARN_NON_LITERAL_NULL_CONVERSION = YES;
				CLANG_WARN_OBJC_IMPLICIT_RETAIN_SELF = YES;
				CLANG_WARN_OBJC_LITERAL_CONVERSION = YES;
				CLANG_WARN_OBJC_ROOT_CLASS = YES_ERROR;
				CLANG_WARN_RANGE_LOOP_ANALYSIS = YES;
				CLANG_WARN_STRICT_PROTOTYPES = YES;
				CLANG_WARN_SUSPICIOUS_MOVE = YES;
				CLANG_WARN_UNGUARDED_AVAILABILITY = YES_AGGRESSIVE;
				CLANG_WARN_UNREACHABLE_CODE = YES;
				CLANG_WARN__DUPLICATE_METHOD_MATCH = YES;
				COPY_PHASE_STRIP = NO;
				DEBUG_INFORMATION_FORMAT = dwarf;
				ENABLE_STRICT_OBJC_MSGSEND = YES;
				ENABLE_TESTABILITY = YES;
				GCC_C_LANGUAGE_STANDARD = gnu11;
				GCC_DYNAMIC_NO_PIC = NO;
				GCC_NO_COMMON_BLOCKS = YES;
				GCC_OPTIMIZATION_LEVEL = 0;
				GCC_PREPROCESSOR_DEFINITIONS = (
					"DEBUG=1",
					"$(inherited)",
				);
				GCC_WARN_64_TO_32_BIT_CONVERSION = YES;
				GCC_WARN_ABOUT_RETURN_TYPE = YES_ERROR;
				GCC_WARN_UNDECLARED_SELECTOR = YES;
				GCC_WARN_UNINITIALIZED_AUTOS = YES_AGGRESSIVE;
				GCC_WARN_UNUSED_FUNCTION = YES;
				GCC_WARN_UNUSED_VARIABLE = YES;
				IPHONEOS_DEPLOYMENT_TARGET = 13.2;
				MTL_ENABLE_DEBUG_INFO = INCLUDE_SOURCE;
				MTL_FAST_MATH = YES;
				ONLY_ACTIVE_ARCH = YES;
				SDKROOT = iphoneos;
				SWIFT_ACTIVE_COMPILATION_CONDITIONS = DEBUG;
				SWIFT_OPTIMIZATION_LEVEL = "-Onone";
			};
			name = Debug;
		};
		2079519823D49EC5008CEA10 /* Release */ = {
			isa = XCBuildConfiguration;
			buildSettings = {
				ALWAYS_SEARCH_USER_PATHS = NO;
				CLANG_ANALYZER_NONNULL = YES;
				CLANG_ANALYZER_NUMBER_OBJECT_CONVERSION = YES_AGGRESSIVE;
				CLANG_CXX_LANGUAGE_STANDARD = "gnu++14";
				CLANG_CXX_LIBRARY = "libc++";
				CLANG_ENABLE_MODULES = YES;
				CLANG_ENABLE_OBJC_ARC = YES;
				CLANG_ENABLE_OBJC_WEAK = YES;
				CLANG_WARN_BLOCK_CAPTURE_AUTORELEASING = YES;
				CLANG_WARN_BOOL_CONVERSION = YES;
				CLANG_WARN_COMMA = YES;
				CLANG_WARN_CONSTANT_CONVERSION = YES;
				CLANG_WARN_DEPRECATED_OBJC_IMPLEMENTATIONS = YES;
				CLANG_WARN_DIRECT_OBJC_ISA_USAGE = YES_ERROR;
				CLANG_WARN_DOCUMENTATION_COMMENTS = YES;
				CLANG_WARN_EMPTY_BODY = YES;
				CLANG_WARN_ENUM_CONVERSION = YES;
				CLANG_WARN_INFINITE_RECURSION = YES;
				CLANG_WARN_INT_CONVERSION = YES;
				CLANG_WARN_NON_LITERAL_NULL_CONVERSION = YES;
				CLANG_WARN_OBJC_IMPLICIT_RETAIN_SELF = YES;
				CLANG_WARN_OBJC_LITERAL_CONVERSION = YES;
				CLANG_WARN_OBJC_ROOT_CLASS = YES_ERROR;
				CLANG_WARN_RANGE_LOOP_ANALYSIS = YES;
				CLANG_WARN_STRICT_PROTOTYPES = YES;
				CLANG_WARN_SUSPICIOUS_MOVE = YES;
				CLANG_WARN_UNGUARDED_AVAILABILITY = YES_AGGRESSIVE;
				CLANG_WARN_UNREACHABLE_CODE = YES;
				CLANG_WARN__DUPLICATE_METHOD_MATCH = YES;
				COPY_PHASE_STRIP = NO;
				DEBUG_INFORMATION_FORMAT = "dwarf-with-dsym";
				ENABLE_NS_ASSERTIONS = NO;
				ENABLE_STRICT_OBJC_MSGSEND = YES;
				GCC_C_LANGUAGE_STANDARD = gnu11;
				GCC_NO_COMMON_BLOCKS = YES;
				GCC_WARN_64_TO_32_BIT_CONVERSION = YES;
				GCC_WARN_ABOUT_RETURN_TYPE = YES_ERROR;
				GCC_WARN_UNDECLARED_SELECTOR = YES;
				GCC_WARN_UNINITIALIZED_AUTOS = YES_AGGRESSIVE;
				GCC_WARN_UNUSED_FUNCTION = YES;
				GCC_WARN_UNUSED_VARIABLE = YES;
				IPHONEOS_DEPLOYMENT_TARGET = 13.2;
				MTL_ENABLE_DEBUG_INFO = NO;
				MTL_FAST_MATH = YES;
				SDKROOT = iphoneos;
				SWIFT_COMPILATION_MODE = wholemodule;
				SWIFT_OPTIMIZATION_LEVEL = "-O";
				VALIDATE_PRODUCT = YES;
			};
			name = Release;
		};
		2079519A23D49EC5008CEA10 /* Debug */ = {
			isa = XCBuildConfiguration;
			buildSettings = {
				ASSETCATALOG_COMPILER_APPICON_NAME = AppIcon;
				CODE_SIGN_STYLE = Automatic;
				DEVELOPMENT_TEAM = 7AXP552NXR;
				INFOPLIST_FILE = "pikachu 2/Info.plist";
				LD_RUNPATH_SEARCH_PATHS = (
					"$(inherited)",
					"@executable_path/Frameworks",
				);
				PRODUCT_BUNDLE_IDENTIFIER = "com.himanshu.pikachu-2";
				PRODUCT_NAME = "$(TARGET_NAME)";
				SWIFT_VERSION = 5.0;
				TARGETED_DEVICE_FAMILY = "1,2";
			};
			name = Debug;
		};
		2079519B23D49EC5008CEA10 /* Release */ = {
			isa = XCBuildConfiguration;
			buildSettings = {
				ASSETCATALOG_COMPILER_APPICON_NAME = AppIcon;
				CODE_SIGN_STYLE = Automatic;
				DEVELOPMENT_TEAM = 7AXP552NXR;
				INFOPLIST_FILE = "pikachu 2/Info.plist";
				LD_RUNPATH_SEARCH_PATHS = (
					"$(inherited)",
					"@executable_path/Frameworks",
				);
				PRODUCT_BUNDLE_IDENTIFIER = "com.himanshu.pikachu-2";
				PRODUCT_NAME = "$(TARGET_NAME)";
				SWIFT_VERSION = 5.0;
				TARGETED_DEVICE_FAMILY = "1,2";
			};
			name = Release;
		};
/* End XCBuildConfiguration section */

/* Begin XCConfigurationList section */
		2079518023D49EC2008CEA10 /* Build configuration list for PBXProject "pikachu 2" */ = {
			isa = XCConfigurationList;
			buildConfigurations = (
				2079519723D49EC5008CEA10 /* Debug */,
				2079519823D49EC5008CEA10 /* Release */,
			);
			defaultConfigurationIsVisible = 0;
			defaultConfigurationName = Release;
		};
		2079519923D49EC5008CEA10 /* Build configuration list for PBXNativeTarget "pikachu 2" */ = {
			isa = XCConfigurationList;
			buildConfigurations = (
				2079519A23D49EC5008CEA10 /* Debug */,
				2079519B23D49EC5008CEA10 /* Release */,
			);
			defaultConfigurationIsVisible = 0;
			defaultConfigurationName = Release;
		};
/* End XCConfigurationList section */
	};
	rootObject = 2079517D23D49EC2008CEA10 /* Project object */;
}
